
Microsoft Visual Studio Solution File, Format Version 12.00
# Visual Studio Version 17
VisualStudioVersion = 17.0.32112.339
MinimumVisualStudioVersion = 10.0.40219.1
Project("{FAE04EC0-301F-11D3-BF4B-00C04F79EFBC}") = "unit8.6.1", "unit8.6.1\unit8.6.1.csproj", "{FCDD6F5D-2F83-4360-8436-5962EC99D8F1}"
EndProject
Global
	GlobalSection(SolutionConfigurationPlatforms) = preSolution
		Debug|Any CPU = Debug|Any CPU
		Release|Any CPU = Release|Any CPU
	EndGlobalSection
	GlobalSection(ProjectConfigurationPlatforms) = postSolution
		{FCDD6F5D-2F83-4360-8436-5962EC99D8F1}.Debug|Any CPU.ActiveCfg = Debug|Any CPU
		{FCDD6F5D-2F83-4360-8436-5962EC99D8F1}.Debug|Any CPU.Build.0 = Debug|Any CPU
		{FCDD6F5D-2F83-4360-8436-5962EC99D8F1}.Release|Any CPU.ActiveCfg = Release|Any CPU
		{FCDD6F5D-2F83-4360-8436-5962EC99D8F1}.Release|Any CPU.Build.0 = Release|Any CPU
	EndGlobalSection
	GlobalSection(SolutionProperties) = preSolution
		HideSolutionNode = FALSE
	EndGlobalSection
	GlobalSection(ExtensibilityGlobals) = postSolution
		SolutionGuid = {95969923-9F16-4257-9D1B-C136D34B9432}
	EndGlobalSection
EndGlobal
